
Microsoft Visual Studio Solution File, Format Version 12.00
# Visual Studio Version 16
VisualStudioVersion = 16.0.30011.22
MinimumVisualStudioVersion = 10.0.40219.1
Project("{FAE04EC0-301F-11D3-BF4B-00C04F79EFBC}") = "KVShifu", "KVShifu.csproj", "{342D77A9-2580-4580-9AC2-B3DCA41FDD07}"
EndProject
Global
	GlobalSection(SolutionConfigurationPlatforms) = preSolution
		Debug|Any CPU = Debug|Any CPU
		Release|Any CPU = Release|Any CPU
	EndGlobalSection
	GlobalSection(ProjectConfigurationPlatforms) = postSolution
		{342D77A9-2580-4580-9AC2-B3DCA41FDD07}.Debug|Any CPU.ActiveCfg = Debug|Any CPU
		{342D77A9-2580-4580-9AC2-B3DCA41FDD07}.Debug|Any CPU.Build.0 = Debug|Any CPU
		{342D77A9-2580-4580-9AC2-B3DCA41FDD07}.Release|Any CPU.ActiveCfg = Release|Any CPU
		{342D77A9-2580-4580-9AC2-B3DCA41FDD07}.Release|Any CPU.Build.0 = Release|Any CPU
	EndGlobalSection
	GlobalSection(SolutionProperties) = preSolution
		HideSolutionNode = FALSE
	EndGlobalSection
	GlobalSection(ExtensibilityGlobals) = postSolution
		SolutionGuid = {1961C645-0A6C-418F-81E6-6BDF8B2DA15F}
	EndGlobalSection
EndGlobal
