
Microsoft Visual Studio Solution File, Format Version 12.00
# Visual Studio 15
VisualStudioVersion = 15.0.27703.2042
MinimumVisualStudioVersion = 10.0.40219.1
Project("{FAE04EC0-301F-11D3-BF4B-00C04F79EFBC}") = "PipShifu", "PipShifu.csproj", "{8EAE73E8-417E-46D5-9757-62DAF5701430}"
EndProject
Global
	GlobalSection(SolutionConfigurationPlatforms) = preSolution
		Debug|Any CPU = Debug|Any CPU
		Release|Any CPU = Release|Any CPU
	EndGlobalSection
	GlobalSection(ProjectConfigurationPlatforms) = postSolution
		{8EAE73E8-417E-46D5-9757-62DAF5701430}.Debug|Any CPU.ActiveCfg = Debug|Any CPU
		{8EAE73E8-417E-46D5-9757-62DAF5701430}.Debug|Any CPU.Build.0 = Debug|Any CPU
		{8EAE73E8-417E-46D5-9757-62DAF5701430}.Release|Any CPU.ActiveCfg = Release|Any CPU
		{8EAE73E8-417E-46D5-9757-62DAF5701430}.Release|Any CPU.Build.0 = Release|Any CPU
	EndGlobalSection
	GlobalSection(SolutionProperties) = preSolution
		HideSolutionNode = FALSE
	EndGlobalSection
	GlobalSection(ExtensibilityGlobals) = postSolution
		SolutionGuid = {49DA61E2-D0AB-4303-B3AA-94F473EEABCA}
	EndGlobalSection
EndGlobal
