
Microsoft Visual Studio Solution File, Format Version 12.00
# Visual Studio 15
VisualStudioVersion = 15.0.27703.2042
MinimumVisualStudioVersion = 10.0.40219.1
Project("{FAE04EC0-301F-11D3-BF4B-00C04F79EFBC}") = "PipBlossom", "PipBlossom.csproj", "{7AA709D9-14F8-423A-905F-20C3F1A2B07C}"
EndProject
Global
	GlobalSection(SolutionConfigurationPlatforms) = preSolution
		Debug|Any CPU = Debug|Any CPU
		Release|Any CPU = Release|Any CPU
	EndGlobalSection
	GlobalSection(ProjectConfigurationPlatforms) = postSolution
		{7AA709D9-14F8-423A-905F-20C3F1A2B07C}.Debug|Any CPU.ActiveCfg = Debug|Any CPU
		{7AA709D9-14F8-423A-905F-20C3F1A2B07C}.Debug|Any CPU.Build.0 = Debug|Any CPU
		{7AA709D9-14F8-423A-905F-20C3F1A2B07C}.Release|Any CPU.ActiveCfg = Release|Any CPU
		{7AA709D9-14F8-423A-905F-20C3F1A2B07C}.Release|Any CPU.Build.0 = Release|Any CPU
	EndGlobalSection
	GlobalSection(SolutionProperties) = preSolution
		HideSolutionNode = FALSE
	EndGlobalSection
	GlobalSection(ExtensibilityGlobals) = postSolution
		SolutionGuid = {D15D7AA7-2811-457B-ABBA-9A84E9A438F6}
	EndGlobalSection
EndGlobal
