
Microsoft Visual Studio Solution File, Format Version 12.00
# Visual Studio Version 16
VisualStudioVersion = 16.0.30011.22
MinimumVisualStudioVersion = 10.0.40219.1
Project("{FAE04EC0-301F-11D3-BF4B-00C04F79EFBC}") = "KVTaya", "KVTaya.csproj", "{714FA365-CFE7-4DC4-BD9B-FAB8C7D30FC8}"
EndProject
Global
	GlobalSection(SolutionConfigurationPlatforms) = preSolution
		Debug|Any CPU = Debug|Any CPU
		Release|Any CPU = Release|Any CPU
	EndGlobalSection
	GlobalSection(ProjectConfigurationPlatforms) = postSolution
		{714FA365-CFE7-4DC4-BD9B-FAB8C7D30FC8}.Debug|Any CPU.ActiveCfg = Debug|Any CPU
		{714FA365-CFE7-4DC4-BD9B-FAB8C7D30FC8}.Debug|Any CPU.Build.0 = Debug|Any CPU
		{714FA365-CFE7-4DC4-BD9B-FAB8C7D30FC8}.Release|Any CPU.ActiveCfg = Release|Any CPU
		{714FA365-CFE7-4DC4-BD9B-FAB8C7D30FC8}.Release|Any CPU.Build.0 = Release|Any CPU
	EndGlobalSection
	GlobalSection(SolutionProperties) = preSolution
		HideSolutionNode = FALSE
	EndGlobalSection
	GlobalSection(ExtensibilityGlobals) = postSolution
		SolutionGuid = {72A5B8D3-9ECA-4CB0-AC28-056AB836A299}
	EndGlobalSection
EndGlobal
